
Microsoft Visual Studio Solution File, Format Version 12.00
# Visual Studio Version 16
VisualStudioVersion = 16.0.30413.136
MinimumVisualStudioVersion = 10.0.40219.1
Project("{FAE04EC0-301F-11D3-BF4B-00C04F79EFBC}") = "ArraylistExam", "ArraylistExam\ArraylistExam.csproj", "{5E239274-A3F6-414B-95F8-7FB129B7B803}"
EndProject
Global
	GlobalSection(SolutionConfigurationPlatforms) = preSolution
		Debug|Any CPU = Debug|Any CPU
		Release|Any CPU = Release|Any CPU
	EndGlobalSection
	GlobalSection(ProjectConfigurationPlatforms) = postSolution
		{5E239274-A3F6-414B-95F8-7FB129B7B803}.Debug|Any CPU.ActiveCfg = Debug|Any CPU
		{5E239274-A3F6-414B-95F8-7FB129B7B803}.Debug|Any CPU.Build.0 = Debug|Any CPU
		{5E239274-A3F6-414B-95F8-7FB129B7B803}.Release|Any CPU.ActiveCfg = Release|Any CPU
		{5E239274-A3F6-414B-95F8-7FB129B7B803}.Release|Any CPU.Build.0 = Release|Any CPU
	EndGlobalSection
	GlobalSection(SolutionProperties) = preSolution
		HideSolutionNode = FALSE
	EndGlobalSection
	GlobalSection(ExtensibilityGlobals) = postSolution
		SolutionGuid = {4819514E-9BB7-4599-9EC6-E4A99AB0F646}
	EndGlobalSection
EndGlobal
